// !$*UTF8*$!
{
	archiveVersion = 1;
	classes = {
	};
	objectVersion = 46;
	objects = {

/* Begin PBXBuildFile section */
		3009124B16A599960023CC56 /* SenTestingKit.framework in Frameworks */ = {isa = PBXBuildFile; fileRef = 3009124A16A599960023CC56 /* SenTestingKit.framework */; };
		30313F7B16AB171E00DC6D3F /* Cocoa.framework in Frameworks */ = {isa = PBXBuildFile; fileRef = 30313F7A16AB171E00DC6D3F /* Cocoa.framework */; };
		30313F7D16ABB3E300DC6D3F /* ShelleyMac-Prefix.pch in Headers */ = {isa = PBXBuildFile; fileRef = 30313F7C16ABB3E300DC6D3F /* ShelleyMac-Prefix.pch */; };
		306097C216A6F4D40032EC9F /* NSObject+ShelleyExtensions.m in Sources */ = {isa = PBXBuildFile; fileRef = 306097C016A6F4D40032EC9F /* NSObject+ShelleyExtensions.m */; };
		3089D99616A8E4B40049CD1D /* IntegrationTests.m in Sources */ = {isa = PBXBuildFile; fileRef = D6CF39C213D3EE78000C7901 /* IntegrationTests.m */; };
		3089D99716A8E4B40049CD1D /* SYParserTests.m in Sources */ = {isa = PBXBuildFile; fileRef = D68761F613D4092A0057A375 /* SYParserTests.m */; };
		3089D99816A8E4B40049CD1D /* SYParentsTests.m in Sources */ = {isa = PBXBuildFile; fileRef = D610CA6113D9F8D8008AB1F5 /* SYParentsTests.m */; };
		3089D99916A8E4B40049CD1D /* SenTestCase+Extensions.m in Sources */ = {isa = PBXBuildFile; fileRef = D610CA6413D9F9E7008AB1F5 /* SenTestCase+Extensions.m */; };
		3089D99A16A8E4B40049CD1D /* SYPredicateFilterTests.m in Sources */ = {isa = PBXBuildFile; fileRef = D610CA6713DA0752008AB1F5 /* SYPredicateFilterTests.m */; };
		3089D9A316A8E4DA0049CD1D /* NSObject+ShelleyExtensions.m in Sources */ = {isa = PBXBuildFile; fileRef = 306097C016A6F4D40032EC9F /* NSObject+ShelleyExtensions.m */; };
		30AAE66616A8E206004A7D8A /* NSViewWithAccessibilityLabel.m in Sources */ = {isa = PBXBuildFile; fileRef = 30AAE66516A8E206004A7D8A /* NSViewWithAccessibilityLabel.m */; };
		4D77E71915188374000D0EEE /* QuartzCore.framework in Frameworks */ = {isa = PBXBuildFile; fileRef = 4D77E71815188374000D0EEE /* QuartzCore.framework */; };
		D610CA6213D9F8D8008AB1F5 /* SYParentsTests.m in Sources */ = {isa = PBXBuildFile; fileRef = D610CA6113D9F8D8008AB1F5 /* SYParentsTests.m */; };
		D610CA6513D9F9E7008AB1F5 /* SenTestCase+Extensions.m in Sources */ = {isa = PBXBuildFile; fileRef = D610CA6413D9F9E7008AB1F5 /* SenTestCase+Extensions.m */; };
		D610CA6813DA0752008AB1F5 /* SYPredicateFilterTests.m in Sources */ = {isa = PBXBuildFile; fileRef = D610CA6713DA0752008AB1F5 /* SYPredicateFilterTests.m */; };
		D610CA6C13DA15A4008AB1F5 /* UIView+ShelleyExtensions.m in Sources */ = {isa = PBXBuildFile; fileRef = D610CA6A13DA15A3008AB1F5 /* UIView+ShelleyExtensions.m */; };
		D610CA6D13DA15A4008AB1F5 /* UIView+ShelleyExtensions.m in Sources */ = {isa = PBXBuildFile; fileRef = D610CA6A13DA15A3008AB1F5 /* UIView+ShelleyExtensions.m */; };
		D648FB3913E5EA7E003FBE5A /* UIViewWithAccessibilityLabel.m in Sources */ = {isa = PBXBuildFile; fileRef = D648FB3813E5EA7E003FBE5A /* UIViewWithAccessibilityLabel.m */; };
		D68761F713D4092A0057A375 /* SYParserTests.m in Sources */ = {isa = PBXBuildFile; fileRef = D68761F613D4092A0057A375 /* SYParserTests.m */; };
		D6CF39AD13D3E481000C7901 /* UIKit.framework in Frameworks */ = {isa = PBXBuildFile; fileRef = D6CF399413D3E195000C7901 /* UIKit.framework */; };
		D6CF39AE13D3E481000C7901 /* Foundation.framework in Frameworks */ = {isa = PBXBuildFile; fileRef = D6E8FF3513D3DC9200D24F43 /* Foundation.framework */; };
		D6CF39AF13D3E481000C7901 /* CoreGraphics.framework in Frameworks */ = {isa = PBXBuildFile; fileRef = D6CF399713D3E195000C7901 /* CoreGraphics.framework */; };
		D6CF39B513D3E481000C7901 /* InfoPlist.strings in Resources */ = {isa = PBXBuildFile; fileRef = D6CF39B313D3E481000C7901 /* InfoPlist.strings */; };
		D6CF39C313D3EE78000C7901 /* IntegrationTests.m in Sources */ = {isa = PBXBuildFile; fileRef = D6CF39C213D3EE78000C7901 /* IntegrationTests.m */; };
		D6E8FF3613D3DC9200D24F43 /* Foundation.framework in Frameworks */ = {isa = PBXBuildFile; fileRef = D6E8FF3513D3DC9200D24F43 /* Foundation.framework */; };
		F85939CC173452100074CB9E /* SYArrayFilterTemplate.h in Headers */ = {isa = PBXBuildFile; fileRef = F85939B9173452100074CB9E /* SYArrayFilterTemplate.h */; };
		F85939CE173452100074CB9E /* SYArrayFilterTemplate.m in Sources */ = {isa = PBXBuildFile; fileRef = F85939BA173452100074CB9E /* SYArrayFilterTemplate.m */; };
		F85939CF173452100074CB9E /* SYArrayFilterTemplate.m in Sources */ = {isa = PBXBuildFile; fileRef = F85939BA173452100074CB9E /* SYArrayFilterTemplate.m */; };
		F85939D0173452100074CB9E /* SYArrayFilterTemplate.m in Sources */ = {isa = PBXBuildFile; fileRef = F85939BA173452100074CB9E /* SYArrayFilterTemplate.m */; };
		F85939D1173452100074CB9E /* SYArrayFilterTemplate.m in Sources */ = {isa = PBXBuildFile; fileRef = F85939BA173452100074CB9E /* SYArrayFilterTemplate.m */; };
		F85939D2173452100074CB9E /* SYClassFilter.h in Headers */ = {isa = PBXBuildFile; fileRef = F85939BB173452100074CB9E /* SYClassFilter.h */; };
		F85939D4173452100074CB9E /* SYClassFilter.m in Sources */ = {isa = PBXBuildFile; fileRef = F85939BC173452100074CB9E /* SYClassFilter.m */; };
		F85939D5173452100074CB9E /* SYClassFilter.m in Sources */ = {isa = PBXBuildFile; fileRef = F85939BC173452100074CB9E /* SYClassFilter.m */; };
		F85939D6173452100074CB9E /* SYClassFilter.m in Sources */ = {isa = PBXBuildFile; fileRef = F85939BC173452100074CB9E /* SYClassFilter.m */; };
		F85939D7173452100074CB9E /* SYClassFilter.m in Sources */ = {isa = PBXBuildFile; fileRef = F85939BC173452100074CB9E /* SYClassFilter.m */; };
		F85939D8173452100074CB9E /* SYFilter.h in Headers */ = {isa = PBXBuildFile; fileRef = F85939BD173452100074CB9E /* SYFilter.h */; };
		F85939DA173452100074CB9E /* SYNthElementFilter.h in Headers */ = {isa = PBXBuildFile; fileRef = F85939BE173452100074CB9E /* SYNthElementFilter.h */; };
		F85939DC173452100074CB9E /* SYNthElementFilter.m in Sources */ = {isa = PBXBuildFile; fileRef = F85939BF173452100074CB9E /* SYNthElementFilter.m */; };
		F85939DD173452100074CB9E /* SYNthElementFilter.m in Sources */ = {isa = PBXBuildFile; fileRef = F85939BF173452100074CB9E /* SYNthElementFilter.m */; };
		F85939DE173452100074CB9E /* SYNthElementFilter.m in Sources */ = {isa = PBXBuildFile; fileRef = F85939BF173452100074CB9E /* SYNthElementFilter.m */; };
		F85939DF173452100074CB9E /* SYNthElementFilter.m in Sources */ = {isa = PBXBuildFile; fileRef = F85939BF173452100074CB9E /* SYNthElementFilter.m */; };
		F85939E0173452100074CB9E /* SYParents.h in Headers */ = {isa = PBXBuildFile; fileRef = F85939C0173452100074CB9E /* SYParents.h */; };
		F85939E2173452100074CB9E /* SYParents.m in Sources */ = {isa = PBXBuildFile; fileRef = F85939C1173452100074CB9E /* SYParents.m */; };
		F85939E3173452100074CB9E /* SYParents.m in Sources */ = {isa = PBXBuildFile; fileRef = F85939C1173452100074CB9E /* SYParents.m */; };
		F85939E4173452100074CB9E /* SYParents.m in Sources */ = {isa = PBXBuildFile; fileRef = F85939C1173452100074CB9E /* SYParents.m */; };
		F85939E5173452100074CB9E /* SYParents.m in Sources */ = {isa = PBXBuildFile; fileRef = F85939C1173452100074CB9E /* SYParents.m */; };
		F85939E6173452110074CB9E /* SYPredicateFilter.h in Headers */ = {isa = PBXBuildFile; fileRef = F85939C2173452100074CB9E /* SYPredicateFilter.h */; };
		F85939E8173452110074CB9E /* SYPredicateFilter.m in Sources */ = {isa = PBXBuildFile; fileRef = F85939C3173452100074CB9E /* SYPredicateFilter.m */; };
		F85939E9173452110074CB9E /* SYPredicateFilter.m in Sources */ = {isa = PBXBuildFile; fileRef = F85939C3173452100074CB9E /* SYPredicateFilter.m */; };
		F85939EA173452110074CB9E /* SYPredicateFilter.m in Sources */ = {isa = PBXBuildFile; fileRef = F85939C3173452100074CB9E /* SYPredicateFilter.m */; };
		F85939EB173452110074CB9E /* SYPredicateFilter.m in Sources */ = {isa = PBXBuildFile; fileRef = F85939C3173452100074CB9E /* SYPredicateFilter.m */; };
		F85939EC173452110074CB9E /* LoadableCategory.h in Headers */ = {isa = PBXBuildFile; fileRef = F85939C4173452100074CB9E /* LoadableCategory.h */; };
		F85939EE173452110074CB9E /* SelectorEngineRegistry.h in Headers */ = {isa = PBXBuildFile; fileRef = F85939C5173452100074CB9E /* SelectorEngineRegistry.h */; };
		F85939F0173452110074CB9E /* Shelley.h in Headers */ = {isa = PBXBuildFile; fileRef = F85939C6173452100074CB9E /* Shelley.h */; };
		F85939F2173452110074CB9E /* Shelley.m in Sources */ = {isa = PBXBuildFile; fileRef = F85939C7173452100074CB9E /* Shelley.m */; };
		F85939F3173452110074CB9E /* Shelley.m in Sources */ = {isa = PBXBuildFile; fileRef = F85939C7173452100074CB9E /* Shelley.m */; };
		F85939F4173452110074CB9E /* Shelley.m in Sources */ = {isa = PBXBuildFile; fileRef = F85939C7173452100074CB9E /* Shelley.m */; };
		F85939F5173452110074CB9E /* Shelley.m in Sources */ = {isa = PBXBuildFile; fileRef = F85939C7173452100074CB9E /* Shelley.m */; };
		F85939F6173452110074CB9E /* SYFrankSelectorEngine.h in Headers */ = {isa = PBXBuildFile; fileRef = F85939C8173452100074CB9E /* SYFrankSelectorEngine.h */; };
		F85939F7173452110074CB9E /* SYFrankSelectorEngine.h in Headers */ = {isa = PBXBuildFile; fileRef = F85939C8173452100074CB9E /* SYFrankSelectorEngine.h */; };
		F85939F8173452110074CB9E /* SYFrankSelectorEngine.m in Sources */ = {isa = PBXBuildFile; fileRef = F85939C9173452100074CB9E /* SYFrankSelectorEngine.m */; };
		F85939FA173452110074CB9E /* SYFrankSelectorEngine.m in Sources */ = {isa = PBXBuildFile; fileRef = F85939C9173452100074CB9E /* SYFrankSelectorEngine.m */; };
		F85939FC173452110074CB9E /* SYParser.h in Headers */ = {isa = PBXBuildFile; fileRef = F85939CA173452100074CB9E /* SYParser.h */; };
		F85939FE173452110074CB9E /* SYParser.m in Sources */ = {isa = PBXBuildFile; fileRef = F85939CB173452100074CB9E /* SYParser.m */; };
		F85939FF173452110074CB9E /* SYParser.m in Sources */ = {isa = PBXBuildFile; fileRef = F85939CB173452100074CB9E /* SYParser.m */; };
		F8593A00173452110074CB9E /* SYParser.m in Sources */ = {isa = PBXBuildFile; fileRef = F85939CB173452100074CB9E /* SYParser.m */; };
		F8593A01173452110074CB9E /* SYParser.m in Sources */ = {isa = PBXBuildFile; fileRef = F85939CB173452100074CB9E /* SYParser.m */; };
/* End PBXBuildFile section */

/* Begin PBXContainerItemProxy section */
		3009124D16A599960023CC56 /* PBXContainerItemProxy */ = {
			isa = PBXContainerItemProxy;
			containerPortal = D6E8FF2913D3DC9200D24F43 /* Project object */;
			proxyType = 1;
			remoteGlobalIDString = 3009123616A599960023CC56;
			remoteInfo = ShellyMac;
		};
/* End PBXContainerItemProxy section */

/* Begin PBXFileReference section */
		3009123716A599960023CC56 /* libShelleyMac.a */ = {isa = PBXFileReference; explicitFileType = archive.ar; includeInIndex = 0; path = libShelleyMac.a; sourceTree = BUILT_PRODUCTS_DIR; };
		3009123B16A599960023CC56 /* AppKit.framework */ = {isa = PBXFileReference; lastKnownFileType = wrapper.framework; name = AppKit.framework; path = Library/Frameworks/AppKit.framework; sourceTree = SDKROOT; };
		3009123C16A599960023CC56 /* CoreData.framework */ = {isa = PBXFileReference; lastKnownFileType = wrapper.framework; name = CoreData.framework; path = Library/Frameworks/CoreData.framework; sourceTree = SDKROOT; };
		3009123D16A599960023CC56 /* Foundation.framework */ = {isa = PBXFileReference; lastKnownFileType = wrapper.framework; name = Foundation.framework; path = Library/Frameworks/Foundation.framework; sourceTree = SDKROOT; };
		3009124916A599960023CC56 /* ShelleyMacTests.octest */ = {isa = PBXFileReference; explicitFileType = wrapper.cfbundle; includeInIndex = 0; path = ShelleyMacTests.octest; sourceTree = BUILT_PRODUCTS_DIR; };
		3009124A16A599960023CC56 /* SenTestingKit.framework */ = {isa = PBXFileReference; lastKnownFileType = wrapper.framework; name = SenTestingKit.framework; path = Library/Frameworks/SenTestingKit.framework; sourceTree = DEVELOPER_DIR; };
		30313F7816AB109B00DC6D3F /* ShelleyMacTests-Prefix.pch */ = {isa = PBXFileReference; fileEncoding = 4; lastKnownFileType = sourcecode.c.h; path = "ShelleyMacTests-Prefix.pch"; sourceTree = "<group>"; };
		30313F7A16AB171E00DC6D3F /* Cocoa.framework */ = {isa = PBXFileReference; lastKnownFileType = wrapper.framework; name = Cocoa.framework; path = Platforms/MacOSX.platform/Developer/SDKs/MacOSX10.8.sdk/System/Library/Frameworks/Cocoa.framework; sourceTree = DEVELOPER_DIR; };
		30313F7C16ABB3E300DC6D3F /* ShelleyMac-Prefix.pch */ = {isa = PBXFileReference; fileEncoding = 4; lastKnownFileType = sourcecode.c.h; path = "ShelleyMac-Prefix.pch"; sourceTree = "<group>"; };
		30313F7E16ABBD2E00DC6D3F /* ShelleyMacTests-Info.plist */ = {isa = PBXFileReference; fileEncoding = 4; lastKnownFileType = text.plist.xml; name = "ShelleyMacTests-Info.plist"; path = "Unit Tests/ShelleyMacTests-Info.plist"; sourceTree = SOURCE_ROOT; };
		306097C016A6F4D40032EC9F /* NSObject+ShelleyExtensions.m */ = {isa = PBXFileReference; fileEncoding = 4; lastKnownFileType = sourcecode.c.objc; path = "NSObject+ShelleyExtensions.m"; sourceTree = "<group>"; };
		30AAE66416A8E206004A7D8A /* NSViewWithAccessibilityLabel.h */ = {isa = PBXFileReference; fileEncoding = 4; lastKnownFileType = sourcecode.c.h; path = NSViewWithAccessibilityLabel.h; sourceTree = "<group>"; };
		30AAE66516A8E206004A7D8A /* NSViewWithAccessibilityLabel.m */ = {isa = PBXFileReference; fileEncoding = 4; lastKnownFileType = sourcecode.c.objc; path = NSViewWithAccessibilityLabel.m; sourceTree = "<group>"; };
		4D77E71815188374000D0EEE /* QuartzCore.framework */ = {isa = PBXFileReference; lastKnownFileType = wrapper.framework; name = QuartzCore.framework; path = System/Library/Frameworks/QuartzCore.framework; sourceTree = SDKROOT; };
		D610CA6013D9F8D8008AB1F5 /* SYParentsTests.h */ = {isa = PBXFileReference; fileEncoding = 4; lastKnownFileType = sourcecode.c.h; path = SYParentsTests.h; sourceTree = "<group>"; };
		D610CA6113D9F8D8008AB1F5 /* SYParentsTests.m */ = {isa = PBXFileReference; fileEncoding = 4; lastKnownFileType = sourcecode.c.objc; path = SYParentsTests.m; sourceTree = "<group>"; };
		D610CA6313D9F9E7008AB1F5 /* SenTestCase+Extensions.h */ = {isa = PBXFileReference; fileEncoding = 4; lastKnownFileType = sourcecode.c.h; path = "SenTestCase+Extensions.h"; sourceTree = "<group>"; };
		D610CA6413D9F9E7008AB1F5 /* SenTestCase+Extensions.m */ = {isa = PBXFileReference; fileEncoding = 4; lastKnownFileType = sourcecode.c.objc; path = "SenTestCase+Extensions.m"; sourceTree = "<group>"; };
		D610CA6613DA0752008AB1F5 /* SYPredicateFilterTests.h */ = {isa = PBXFileReference; fileEncoding = 4; lastKnownFileType = sourcecode.c.h; path = SYPredicateFilterTests.h; sourceTree = "<group>"; };
		D610CA6713DA0752008AB1F5 /* SYPredicateFilterTests.m */ = {isa = PBXFileReference; fileEncoding = 4; lastKnownFileType = sourcecode.c.objc; path = SYPredicateFilterTests.m; sourceTree = "<group>"; };
		D610CA6A13DA15A3008AB1F5 /* UIView+ShelleyExtensions.m */ = {isa = PBXFileReference; fileEncoding = 4; lastKnownFileType = sourcecode.c.objc; path = "UIView+ShelleyExtensions.m"; sourceTree = "<group>"; };
		D648FB3713E5EA7E003FBE5A /* UIViewWithAccessibilityLabel.h */ = {isa = PBXFileReference; fileEncoding = 4; lastKnownFileType = sourcecode.c.h; path = UIViewWithAccessibilityLabel.h; sourceTree = "<group>"; };
		D648FB3813E5EA7E003FBE5A /* UIViewWithAccessibilityLabel.m */ = {isa = PBXFileReference; fileEncoding = 4; lastKnownFileType = sourcecode.c.objc; path = UIViewWithAccessibilityLabel.m; sourceTree = "<group>"; };
		D68761F513D4092A0057A375 /* SYParserTests.h */ = {isa = PBXFileReference; fileEncoding = 4; lastKnownFileType = sourcecode.c.h; path = SYParserTests.h; sourceTree = "<group>"; };
		D68761F613D4092A0057A375 /* SYParserTests.m */ = {isa = PBXFileReference; fileEncoding = 4; lastKnownFileType = sourcecode.c.objc; path = SYParserTests.m; sourceTree = "<group>"; };
		D6CF399413D3E195000C7901 /* UIKit.framework */ = {isa = PBXFileReference; lastKnownFileType = wrapper.framework; name = UIKit.framework; path = System/Library/Frameworks/UIKit.framework; sourceTree = SDKROOT; };
		D6CF399713D3E195000C7901 /* CoreGraphics.framework */ = {isa = PBXFileReference; lastKnownFileType = wrapper.framework; name = CoreGraphics.framework; path = System/Library/Frameworks/CoreGraphics.framework; sourceTree = SDKROOT; };
		D6CF39AC13D3E481000C7901 /* Unit Tests.octest */ = {isa = PBXFileReference; explicitFileType = wrapper.cfbundle; includeInIndex = 0; path = "Unit Tests.octest"; sourceTree = BUILT_PRODUCTS_DIR; };
		D6CF39B213D3E481000C7901 /* Unit Tests-Info.plist */ = {isa = PBXFileReference; lastKnownFileType = text.plist.xml; path = "Unit Tests-Info.plist"; sourceTree = "<group>"; };
		D6CF39B413D3E481000C7901 /* en */ = {isa = PBXFileReference; lastKnownFileType = text.plist.strings; name = en; path = en.lproj/InfoPlist.strings; sourceTree = "<group>"; };
		D6CF39B613D3E481000C7901 /* Unit Tests-Prefix.pch */ = {isa = PBXFileReference; lastKnownFileType = sourcecode.c.h; path = "Unit Tests-Prefix.pch"; sourceTree = "<group>"; };
		D6CF39C113D3EE78000C7901 /* IntegrationTests.h */ = {isa = PBXFileReference; fileEncoding = 4; lastKnownFileType = sourcecode.c.h; path = IntegrationTests.h; sourceTree = "<group>"; };
		D6CF39C213D3EE78000C7901 /* IntegrationTests.m */ = {isa = PBXFileReference; fileEncoding = 4; lastKnownFileType = sourcecode.c.objc; path = IntegrationTests.m; sourceTree = "<group>"; };
		D6E8FF3213D3DC9200D24F43 /* libShelley.a */ = {isa = PBXFileReference; explicitFileType = archive.ar; includeInIndex = 0; path = libShelley.a; sourceTree = BUILT_PRODUCTS_DIR; };
		D6E8FF3513D3DC9200D24F43 /* Foundation.framework */ = {isa = PBXFileReference; lastKnownFileType = wrapper.framework; name = Foundation.framework; path = System/Library/Frameworks/Foundation.framework; sourceTree = SDKROOT; };
		D6E8FF3913D3DC9300D24F43 /* Shelley-Prefix.pch */ = {isa = PBXFileReference; lastKnownFileType = sourcecode.c.h; path = "Shelley-Prefix.pch"; sourceTree = "<group>"; };
		F85939B9173452100074CB9E /* SYArrayFilterTemplate.h */ = {isa = PBXFileReference; fileEncoding = 4; lastKnownFileType = sourcecode.c.h; path = SYArrayFilterTemplate.h; sourceTree = "<group>"; };
		F85939BA173452100074CB9E /* SYArrayFilterTemplate.m */ = {isa = PBXFileReference; fileEncoding = 4; lastKnownFileType = sourcecode.c.objc; path = SYArrayFilterTemplate.m; sourceTree = "<group>"; };
		F85939BB173452100074CB9E /* SYClassFilter.h */ = {isa = PBXFileReference; fileEncoding = 4; lastKnownFileType = sourcecode.c.h; path = SYClassFilter.h; sourceTree = "<group>"; };
		F85939BC173452100074CB9E /* SYClassFilter.m */ = {isa = PBXFileReference; fileEncoding = 4; lastKnownFileType = sourcecode.c.objc; path = SYClassFilter.m; sourceTree = "<group>"; };
		F85939BD173452100074CB9E /* SYFilter.h */ = {isa = PBXFileReference; fileEncoding = 4; lastKnownFileType = sourcecode.c.h; path = SYFilter.h; sourceTree = "<group>"; };
		F85939BE173452100074CB9E /* SYNthElementFilter.h */ = {isa = PBXFileReference; fileEncoding = 4; lastKnownFileType = sourcecode.c.h; path = SYNthElementFilter.h; sourceTree = "<group>"; };
		F85939BF173452100074CB9E /* SYNthElementFilter.m */ = {isa = PBXFileReference; fileEncoding = 4; lastKnownFileType = sourcecode.c.objc; path = SYNthElementFilter.m; sourceTree = "<group>"; };
		F85939C0173452100074CB9E /* SYParents.h */ = {isa = PBXFileReference; fileEncoding = 4; lastKnownFileType = sourcecode.c.h; path = SYParents.h; sourceTree = "<group>"; };
		F85939C1173452100074CB9E /* SYParents.m */ = {isa = PBXFileReference; fileEncoding = 4; lastKnownFileType = sourcecode.c.objc; path = SYParents.m; sourceTree = "<group>"; };
		F85939C2173452100074CB9E /* SYPredicateFilter.h */ = {isa = PBXFileReference; fileEncoding = 4; lastKnownFileType = sourcecode.c.h; path = SYPredicateFilter.h; sourceTree = "<group>"; };
		F85939C3173452100074CB9E /* SYPredicateFilter.m */ = {isa = PBXFileReference; fileEncoding = 4; lastKnownFileType = sourcecode.c.objc; path = SYPredicateFilter.m; sourceTree = "<group>"; };
		F85939C4173452100074CB9E /* LoadableCategory.h */ = {isa = PBXFileReference; fileEncoding = 4; lastKnownFileType = sourcecode.c.h; path = LoadableCategory.h; sourceTree = "<group>"; };
		F85939C5173452100074CB9E /* SelectorEngineRegistry.h */ = {isa = PBXFileReference; fileEncoding = 4; lastKnownFileType = sourcecode.c.h; path = SelectorEngineRegistry.h; sourceTree = "<group>"; };
		F85939C6173452100074CB9E /* Shelley.h */ = {isa = PBXFileReference; fileEncoding = 4; lastKnownFileType = sourcecode.c.h; path = Shelley.h; sourceTree = "<group>"; };
		F85939C7173452100074CB9E /* Shelley.m */ = {isa = PBXFileReference; fileEncoding = 4; lastKnownFileType = sourcecode.c.objc; path = Shelley.m; sourceTree = "<group>"; };
		F85939C8173452100074CB9E /* SYFrankSelectorEngine.h */ = {isa = PBXFileReference; fileEncoding = 4; lastKnownFileType = sourcecode.c.h; path = SYFrankSelectorEngine.h; sourceTree = "<group>"; };
		F85939C9173452100074CB9E /* SYFrankSelectorEngine.m */ = {isa = PBXFileReference; fileEncoding = 4; lastKnownFileType = sourcecode.c.objc; path = SYFrankSelectorEngine.m; sourceTree = "<group>"; };
		F85939CA173452100074CB9E /* SYParser.h */ = {isa = PBXFileReference; fileEncoding = 4; lastKnownFileType = sourcecode.c.h; path = SYParser.h; sourceTree = "<group>"; };
		F85939CB173452100074CB9E /* SYParser.m */ = {isa = PBXFileReference; fileEncoding = 4; lastKnownFileType = sourcecode.c.objc; path = SYParser.m; sourceTree = "<group>"; };
/* End PBXFileReference section */

/* Begin PBXFrameworksBuildPhase section */
		3009123416A599960023CC56 /* Frameworks */ = {
			isa = PBXFrameworksBuildPhase;
			buildActionMask = 2147483647;
			files = (
			);
			runOnlyForDeploymentPostprocessing = 0;
		};
		3009124516A599960023CC56 /* Frameworks */ = {
			isa = PBXFrameworksBuildPhase;
			buildActionMask = 2147483647;
			files = (
				30313F7B16AB171E00DC6D3F /* Cocoa.framework in Frameworks */,
				3009124B16A599960023CC56 /* SenTestingKit.framework in Frameworks */,
			);
			runOnlyForDeploymentPostprocessing = 0;
		};
		D6CF39A813D3E481000C7901 /* Frameworks */ = {
			isa = PBXFrameworksBuildPhase;
			buildActionMask = 2147483647;
			files = (
				D6CF39AD13D3E481000C7901 /* UIKit.framework in Frameworks */,
				D6CF39AE13D3E481000C7901 /* Foundation.framework in Frameworks */,
				D6CF39AF13D3E481000C7901 /* CoreGraphics.framework in Frameworks */,
			);
			runOnlyForDeploymentPostprocessing = 0;
		};
		D6E8FF2F13D3DC9200D24F43 /* Frameworks */ = {
			isa = PBXFrameworksBuildPhase;
			buildActionMask = 2147483647;
			files = (
				4D77E71915188374000D0EEE /* QuartzCore.framework in Frameworks */,
				D6E8FF3613D3DC9200D24F43 /* Foundation.framework in Frameworks */,
			);
			runOnlyForDeploymentPostprocessing = 0;
		};
/* End PBXFrameworksBuildPhase section */

/* Begin PBXGroup section */
		3009123A16A599960023CC56 /* Other Frameworks */ = {
			isa = PBXGroup;
			children = (
				3009123B16A599960023CC56 /* AppKit.framework */,
				3009123C16A599960023CC56 /* CoreData.framework */,
				3009123D16A599960023CC56 /* Foundation.framework */,
			);
			name = "Other Frameworks";
			sourceTree = "<group>";
		};
		D6CF39B013D3E481000C7901 /* Unit Tests */ = {
			isa = PBXGroup;
			children = (
				30AAE66416A8E206004A7D8A /* NSViewWithAccessibilityLabel.h */,
				30AAE66516A8E206004A7D8A /* NSViewWithAccessibilityLabel.m */,
				D648FB3713E5EA7E003FBE5A /* UIViewWithAccessibilityLabel.h */,
				D648FB3813E5EA7E003FBE5A /* UIViewWithAccessibilityLabel.m */,
				D6CF39C113D3EE78000C7901 /* IntegrationTests.h */,
				D6CF39C213D3EE78000C7901 /* IntegrationTests.m */,
				D6CF39B113D3E481000C7901 /* Supporting Files */,
				D68761F513D4092A0057A375 /* SYParserTests.h */,
				D68761F613D4092A0057A375 /* SYParserTests.m */,
				D610CA6013D9F8D8008AB1F5 /* SYParentsTests.h */,
				D610CA6113D9F8D8008AB1F5 /* SYParentsTests.m */,
				D610CA6313D9F9E7008AB1F5 /* SenTestCase+Extensions.h */,
				D610CA6413D9F9E7008AB1F5 /* SenTestCase+Extensions.m */,
				D610CA6613DA0752008AB1F5 /* SYPredicateFilterTests.h */,
				D610CA6713DA0752008AB1F5 /* SYPredicateFilterTests.m */,
			);
			path = "Unit Tests";
			sourceTree = "<group>";
		};
		D6CF39B113D3E481000C7901 /* Supporting Files */ = {
			isa = PBXGroup;
			children = (
				D6CF39B213D3E481000C7901 /* Unit Tests-Info.plist */,
				30313F7E16ABBD2E00DC6D3F /* ShelleyMacTests-Info.plist */,
				D6CF39B313D3E481000C7901 /* InfoPlist.strings */,
				D6CF39B613D3E481000C7901 /* Unit Tests-Prefix.pch */,
				30313F7816AB109B00DC6D3F /* ShelleyMacTests-Prefix.pch */,
			);
			name = "Supporting Files";
			sourceTree = "<group>";
		};
		D6E8FF2713D3DC9200D24F43 = {
			isa = PBXGroup;
			children = (
				D6E8FF3713D3DC9200D24F43 /* Shelley */,
				D6CF39B013D3E481000C7901 /* Unit Tests */,
				D6E8FF3413D3DC9200D24F43 /* Frameworks */,
				D6E8FF3313D3DC9200D24F43 /* Products */,
			);
			sourceTree = "<group>";
		};
		D6E8FF3313D3DC9200D24F43 /* Products */ = {
			isa = PBXGroup;
			children = (
				D6E8FF3213D3DC9200D24F43 /* libShelley.a */,
				D6CF39AC13D3E481000C7901 /* Unit Tests.octest */,
				3009123716A599960023CC56 /* libShelleyMac.a */,
				3009124916A599960023CC56 /* ShelleyMacTests.octest */,
			);
			name = Products;
			sourceTree = "<group>";
		};
		D6E8FF3413D3DC9200D24F43 /* Frameworks */ = {
			isa = PBXGroup;
			children = (
				30313F7A16AB171E00DC6D3F /* Cocoa.framework */,
				4D77E71815188374000D0EEE /* QuartzCore.framework */,
				D6E8FF3513D3DC9200D24F43 /* Foundation.framework */,
				D6CF399413D3E195000C7901 /* UIKit.framework */,
				D6CF399713D3E195000C7901 /* CoreGraphics.framework */,
				3009124A16A599960023CC56 /* SenTestingKit.framework */,
				3009123A16A599960023CC56 /* Other Frameworks */,
			);
			name = Frameworks;
			sourceTree = "<group>";
		};
		D6E8FF3713D3DC9200D24F43 /* Shelley */ = {
			isa = PBXGroup;
			children = (
				F8593A281735DAB80074CB9E /* Frank */,
				F85939B517344FF10074CB9E /* Mac */,
				F85939B417344FE60074CB9E /* iOS */,
				F85939B7173452100074CB9E /* Shared */,
				D6E8FF3813D3DC9300D24F43 /* Supporting Files */,
			);
			name = Shelley;
			path = Source;
			sourceTree = "<group>";
		};
		D6E8FF3813D3DC9300D24F43 /* Supporting Files */ = {
			isa = PBXGroup;
			children = (
				30313F7C16ABB3E300DC6D3F /* ShelleyMac-Prefix.pch */,
				D6E8FF3913D3DC9300D24F43 /* Shelley-Prefix.pch */,
			);
			name = "Supporting Files";
			sourceTree = "<group>";
		};
		F85939B417344FE60074CB9E /* iOS */ = {
			isa = PBXGroup;
			children = (
				D610CA6A13DA15A3008AB1F5 /* UIView+ShelleyExtensions.m */,
			);
			name = iOS;
			path = ../Source/iOS;
			sourceTree = "<group>";
		};
		F85939B517344FF10074CB9E /* Mac */ = {
			isa = PBXGroup;
			children = (
				306097C016A6F4D40032EC9F /* NSObject+ShelleyExtensions.m */,
			);
			name = Mac;
			path = ../Source/Mac;
			sourceTree = "<group>";
		};
		F85939B7173452100074CB9E /* Shared */ = {
			isa = PBXGroup;
			children = (
				F85939B8173452100074CB9E /* Filters */,
				F85939C4173452100074CB9E /* LoadableCategory.h */,
				F85939C6173452100074CB9E /* Shelley.h */,
				F85939C7173452100074CB9E /* Shelley.m */,
				F85939CA173452100074CB9E /* SYParser.h */,
				F85939CB173452100074CB9E /* SYParser.m */,
			);
			path = Shared;
			sourceTree = "<group>";
		};
		F85939B8173452100074CB9E /* Filters */ = {
			isa = PBXGroup;
			children = (
				F85939B9173452100074CB9E /* SYArrayFilterTemplate.h */,
				F85939BA173452100074CB9E /* SYArrayFilterTemplate.m */,
				F85939BB173452100074CB9E /* SYClassFilter.h */,
				F85939BC173452100074CB9E /* SYClassFilter.m */,
				F85939BD173452100074CB9E /* SYFilter.h */,
				F85939BE173452100074CB9E /* SYNthElementFilter.h */,
				F85939BF173452100074CB9E /* SYNthElementFilter.m */,
				F85939C0173452100074CB9E /* SYParents.h */,
				F85939C1173452100074CB9E /* SYParents.m */,
				F85939C2173452100074CB9E /* SYPredicateFilter.h */,
				F85939C3173452100074CB9E /* SYPredicateFilter.m */,
			);
			path = Filters;
			sourceTree = "<group>";
		};
		F8593A281735DAB80074CB9E /* Frank */ = {
			isa = PBXGroup;
			children = (
				F85939C5173452100074CB9E /* SelectorEngineRegistry.h */,
				F85939C8173452100074CB9E /* SYFrankSelectorEngine.h */,
				F85939C9173452100074CB9E /* SYFrankSelectorEngine.m */,
			);
			path = Frank;
			sourceTree = "<group>";
		};
/* End PBXGroup section */

/* Begin PBXHeadersBuildPhase section */
		3009123516A599960023CC56 /* Headers */ = {
			isa = PBXHeadersBuildPhase;
			buildActionMask = 2147483647;
			files = (
				F85939F7173452110074CB9E /* SYFrankSelectorEngine.h in Headers */,
			);
			runOnlyForDeploymentPostprocessing = 0;
		};
		D6E8FF3013D3DC9200D24F43 /* Headers */ = {
			isa = PBXHeadersBuildPhase;
			buildActionMask = 2147483647;
			files = (
				30313F7D16ABB3E300DC6D3F /* ShelleyMac-Prefix.pch in Headers */,
				F85939CC173452100074CB9E /* SYArrayFilterTemplate.h in Headers */,
				F85939D2173452100074CB9E /* SYClassFilter.h in Headers */,
				F85939D8173452100074CB9E /* SYFilter.h in Headers */,
				F85939DA173452100074CB9E /* SYNthElementFilter.h in Headers */,
				F85939E0173452100074CB9E /* SYParents.h in Headers */,
				F85939E6173452110074CB9E /* SYPredicateFilter.h in Headers */,
				F85939EC173452110074CB9E /* LoadableCategory.h in Headers */,
				F85939EE173452110074CB9E /* SelectorEngineRegistry.h in Headers */,
				F85939F0173452110074CB9E /* Shelley.h in Headers */,
				F85939F6173452110074CB9E /* SYFrankSelectorEngine.h in Headers */,
				F85939FC173452110074CB9E /* SYParser.h in Headers */,
			);
			runOnlyForDeploymentPostprocessing = 0;
		};
/* End PBXHeadersBuildPhase section */

/* Begin PBXNativeTarget section */
		3009123616A599960023CC56 /* ShelleyMac */ = {
			isa = PBXNativeTarget;
			buildConfigurationList = 3009125916A599960023CC56 /* Build configuration list for PBXNativeTarget "ShelleyMac" */;
			buildPhases = (
				3009123316A599960023CC56 /* Sources */,
				3009123416A599960023CC56 /* Frameworks */,
				3009123516A599960023CC56 /* Headers */,
			);
			buildRules = (
			);
			dependencies = (
			);
			name = ShelleyMac;
			productName = ShellyMac;
			productReference = 3009123716A599960023CC56 /* libShelleyMac.a */;
			productType = "com.apple.product-type.library.static";
		};
		3009124816A599960023CC56 /* ShelleyMacTests */ = {
			isa = PBXNativeTarget;
			buildConfigurationList = 3009125C16A599960023CC56 /* Build configuration list for PBXNativeTarget "ShelleyMacTests" */;
			buildPhases = (
				3009124416A599960023CC56 /* Sources */,
				3009124516A599960023CC56 /* Frameworks */,
				3009124616A599960023CC56 /* Resources */,
				3009124716A599960023CC56 /* ShellScript */,
			);
			buildRules = (
			);
			dependencies = (
				3009124E16A599960023CC56 /* PBXTargetDependency */,
			);
			name = ShelleyMacTests;
			productName = ShellyMacTests;
			productReference = 3009124916A599960023CC56 /* ShelleyMacTests.octest */;
			productType = "com.apple.product-type.bundle";
		};
		D6CF39AB13D3E481000C7901 /* Unit Tests */ = {
			isa = PBXNativeTarget;
			buildConfigurationList = D6CF39BB13D3E481000C7901 /* Build configuration list for PBXNativeTarget "Unit Tests" */;
			buildPhases = (
				D6CF39A713D3E481000C7901 /* Sources */,
				D6CF39A813D3E481000C7901 /* Frameworks */,
				D6CF39A913D3E481000C7901 /* Resources */,
				D6CF39AA13D3E481000C7901 /* ShellScript */,
			);
			buildRules = (
			);
			dependencies = (
			);
			name = "Unit Tests";
			productName = "Unit Tests";
			productReference = D6CF39AC13D3E481000C7901 /* Unit Tests.octest */;
			productType = "com.apple.product-type.bundle";
		};
		D6E8FF3113D3DC9200D24F43 /* Shelley */ = {
			isa = PBXNativeTarget;
			buildConfigurationList = D6E8FF3C13D3DC9300D24F43 /* Build configuration list for PBXNativeTarget "Shelley" */;
			buildPhases = (
				D6E8FF2E13D3DC9200D24F43 /* Sources */,
				D6E8FF2F13D3DC9200D24F43 /* Frameworks */,
				D6E8FF3013D3DC9200D24F43 /* Headers */,
			);
			buildRules = (
			);
			dependencies = (
			);
			name = Shelley;
			productName = Shelley;
			productReference = D6E8FF3213D3DC9200D24F43 /* libShelley.a */;
			productType = "com.apple.product-type.library.static";
		};
/* End PBXNativeTarget section */

/* Begin PBXProject section */
		D6E8FF2913D3DC9200D24F43 /* Project object */ = {
			isa = PBXProject;
			attributes = {
				LastUpgradeCheck = 0500;
				ORGANIZATIONNAME = ThoughtWorks;
			};
			buildConfigurationList = D6E8FF2C13D3DC9200D24F43 /* Build configuration list for PBXProject "Shelley" */;
			compatibilityVersion = "Xcode 3.2";
			developmentRegion = English;
			hasScannedForEncodings = 0;
			knownRegions = (
				en,
			);
			mainGroup = D6E8FF2713D3DC9200D24F43;
			productRefGroup = D6E8FF3313D3DC9200D24F43 /* Products */;
			projectDirPath = "";
			projectRoot = "";
			targets = (
				D6E8FF3113D3DC9200D24F43 /* Shelley */,
				D6CF39AB13D3E481000C7901 /* Unit Tests */,
				3009123616A599960023CC56 /* ShelleyMac */,
				3009124816A599960023CC56 /* ShelleyMacTests */,
			);
		};
/* End PBXProject section */

/* Begin PBXResourcesBuildPhase section */
		3009124616A599960023CC56 /* Resources */ = {
			isa = PBXResourcesBuildPhase;
			buildActionMask = 2147483647;
			files = (
			);
			runOnlyForDeploymentPostprocessing = 0;
		};
		D6CF39A913D3E481000C7901 /* Resources */ = {
			isa = PBXResourcesBuildPhase;
			buildActionMask = 2147483647;
			files = (
				D6CF39B513D3E481000C7901 /* InfoPlist.strings in Resources */,
			);
			runOnlyForDeploymentPostprocessing = 0;
		};
/* End PBXResourcesBuildPhase section */

/* Begin PBXShellScriptBuildPhase section */
		3009124716A599960023CC56 /* ShellScript */ = {
			isa = PBXShellScriptBuildPhase;
			buildActionMask = 2147483647;
			files = (
			);
			inputPaths = (
			);
			outputPaths = (
			);
			runOnlyForDeploymentPostprocessing = 0;
			shellPath = /bin/sh;
			shellScript = "# Run the unit tests in this test bundle.\n\"${SYSTEM_DEVELOPER_DIR}/Tools/RunUnitTests\"\n";
		};
		D6CF39AA13D3E481000C7901 /* ShellScript */ = {
			isa = PBXShellScriptBuildPhase;
			buildActionMask = 2147483647;
			files = (
			);
			inputPaths = (
			);
			outputPaths = (
			);
			runOnlyForDeploymentPostprocessing = 0;
			shellPath = /bin/sh;
			shellScript = "# Run the unit tests in this test bundle.\n\"${SYSTEM_DEVELOPER_DIR}/Tools/RunUnitTests\"\n";
		};
/* End PBXShellScriptBuildPhase section */

/* Begin PBXSourcesBuildPhase section */
		3009123316A599960023CC56 /* Sources */ = {
			isa = PBXSourcesBuildPhase;
			buildActionMask = 2147483647;
			files = (
				306097C216A6F4D40032EC9F /* NSObject+ShelleyExtensions.m in Sources */,
				F85939D0173452100074CB9E /* SYArrayFilterTemplate.m in Sources */,
				F85939D6173452100074CB9E /* SYClassFilter.m in Sources */,
				F85939DE173452100074CB9E /* SYNthElementFilter.m in Sources */,
				F85939E4173452100074CB9E /* SYParents.m in Sources */,
				F85939EA173452110074CB9E /* SYPredicateFilter.m in Sources */,
				F85939F4173452110074CB9E /* Shelley.m in Sources */,
				F85939FA173452110074CB9E /* SYFrankSelectorEngine.m in Sources */,
				F8593A00173452110074CB9E /* SYParser.m in Sources */,
			);
			runOnlyForDeploymentPostprocessing = 0;
		};
		3009124416A599960023CC56 /* Sources */ = {
			isa = PBXSourcesBuildPhase;
			buildActionMask = 2147483647;
			files = (
				3089D9A316A8E4DA0049CD1D /* NSObject+ShelleyExtensions.m in Sources */,
				3089D99616A8E4B40049CD1D /* IntegrationTests.m in Sources */,
				3089D99716A8E4B40049CD1D /* SYParserTests.m in Sources */,
				3089D99816A8E4B40049CD1D /* SYParentsTests.m in Sources */,
				3089D99916A8E4B40049CD1D /* SenTestCase+Extensions.m in Sources */,
				3089D99A16A8E4B40049CD1D /* SYPredicateFilterTests.m in Sources */,
				30AAE66616A8E206004A7D8A /* NSViewWithAccessibilityLabel.m in Sources */,
				F85939D1173452100074CB9E /* SYArrayFilterTemplate.m in Sources */,
				F85939D7173452100074CB9E /* SYClassFilter.m in Sources */,
				F85939DF173452100074CB9E /* SYNthElementFilter.m in Sources */,
				F85939E5173452100074CB9E /* SYParents.m in Sources */,
				F85939EB173452110074CB9E /* SYPredicateFilter.m in Sources */,
				F85939F5173452110074CB9E /* Shelley.m in Sources */,
				F8593A01173452110074CB9E /* SYParser.m in Sources */,
			);
			runOnlyForDeploymentPostprocessing = 0;
		};
		D6CF39A713D3E481000C7901 /* Sources */ = {
			isa = PBXSourcesBuildPhase;
			buildActionMask = 2147483647;
			files = (
				D6CF39C313D3EE78000C7901 /* IntegrationTests.m in Sources */,
				D68761F713D4092A0057A375 /* SYParserTests.m in Sources */,
				D610CA6213D9F8D8008AB1F5 /* SYParentsTests.m in Sources */,
				D610CA6513D9F9E7008AB1F5 /* SenTestCase+Extensions.m in Sources */,
				D610CA6813DA0752008AB1F5 /* SYPredicateFilterTests.m in Sources */,
				D610CA6D13DA15A4008AB1F5 /* UIView+ShelleyExtensions.m in Sources */,
				D648FB3913E5EA7E003FBE5A /* UIViewWithAccessibilityLabel.m in Sources */,
				F85939CF173452100074CB9E /* SYArrayFilterTemplate.m in Sources */,
				F85939D5173452100074CB9E /* SYClassFilter.m in Sources */,
				F85939DD173452100074CB9E /* SYNthElementFilter.m in Sources */,
				F85939E3173452100074CB9E /* SYParents.m in Sources */,
				F85939E9173452110074CB9E /* SYPredicateFilter.m in Sources */,
				F85939F3173452110074CB9E /* Shelley.m in Sources */,
				F85939FF173452110074CB9E /* SYParser.m in Sources */,
			);
			runOnlyForDeploymentPostprocessing = 0;
		};
		D6E8FF2E13D3DC9200D24F43 /* Sources */ = {
			isa = PBXSourcesBuildPhase;
			buildActionMask = 2147483647;
			files = (
				D610CA6C13DA15A4008AB1F5 /* UIView+ShelleyExtensions.m in Sources */,
				F85939CE173452100074CB9E /* SYArrayFilterTemplate.m in Sources */,
				F85939D4173452100074CB9E /* SYClassFilter.m in Sources */,
				F85939DC173452100074CB9E /* SYNthElementFilter.m in Sources */,
				F85939E2173452100074CB9E /* SYParents.m in Sources */,
				F85939E8173452110074CB9E /* SYPredicateFilter.m in Sources */,
				F85939F2173452110074CB9E /* Shelley.m in Sources */,
				F85939F8173452110074CB9E /* SYFrankSelectorEngine.m in Sources */,
				F85939FE173452110074CB9E /* SYParser.m in Sources */,
			);
			runOnlyForDeploymentPostprocessing = 0;
		};
/* End PBXSourcesBuildPhase section */

/* Begin PBXTargetDependency section */
		3009124E16A599960023CC56 /* PBXTargetDependency */ = {
			isa = PBXTargetDependency;
			target = 3009123616A599960023CC56 /* ShelleyMac */;
			targetProxy = 3009124D16A599960023CC56 /* PBXContainerItemProxy */;
		};
/* End PBXTargetDependency section */

/* Begin PBXVariantGroup section */
		D6CF39B313D3E481000C7901 /* InfoPlist.strings */ = {
			isa = PBXVariantGroup;
			children = (
				D6CF39B413D3E481000C7901 /* en */,
			);
			name = InfoPlist.strings;
			sourceTree = "<group>";
		};
/* End PBXVariantGroup section */

/* Begin XCBuildConfiguration section */
		3009125A16A599960023CC56 /* Debug */ = {
			isa = XCBuildConfiguration;
			buildSettings = {
				ALWAYS_SEARCH_USER_PATHS = NO;
				CLANG_CXX_LANGUAGE_STANDARD = "gnu++0x";
				CLANG_CXX_LIBRARY = "libc++";
				CLANG_WARN_EMPTY_BODY = YES;
				CLANG_WARN__DUPLICATE_METHOD_MATCH = YES;
				COMBINE_HIDPI_IMAGES = YES;
				COPY_PHASE_STRIP = NO;
				FRAMEWORK_SEARCH_PATHS = (
					"$(inherited)",
					"\"$(SYSTEM_APPS_DIR)/Xcode.app/Contents/Developer/Library/Frameworks\"",
				);
				GCC_DYNAMIC_NO_PIC = NO;
				GCC_ENABLE_OBJC_EXCEPTIONS = YES;
				GCC_PRECOMPILE_PREFIX_HEADER = YES;
				GCC_PREFIX_HEADER = "Source/ShelleyMac-Prefix.pch";
				GCC_PREPROCESSOR_DEFINITIONS = (
					"DEBUG=1",
					"$(inherited)",
				);
				GCC_WARN_64_TO_32_BIT_CONVERSION = YES;
				GCC_WARN_UNINITIALIZED_AUTOS = YES;
				MACOSX_DEPLOYMENT_TARGET = 10.8;
				ONLY_ACTIVE_ARCH = YES;
				PRODUCT_NAME = "$(TARGET_NAME)";
				SDKROOT = macosx;
			};
			name = Debug;
		};
		3009125B16A599960023CC56 /* Release */ = {
			isa = XCBuildConfiguration;
			buildSettings = {
				ALWAYS_SEARCH_USER_PATHS = NO;
				CLANG_CXX_LANGUAGE_STANDARD = "gnu++0x";
				CLANG_CXX_LIBRARY = "libc++";
				CLANG_WARN_EMPTY_BODY = YES;
				CLANG_WARN__DUPLICATE_METHOD_MATCH = YES;
				COMBINE_HIDPI_IMAGES = YES;
				COPY_PHASE_STRIP = YES;
				DEBUG_INFORMATION_FORMAT = "dwarf-with-dsym";
				FRAMEWORK_SEARCH_PATHS = (
					"$(inherited)",
					"\"$(SYSTEM_APPS_DIR)/Xcode.app/Contents/Developer/Library/Frameworks\"",
				);
				GCC_ENABLE_OBJC_EXCEPTIONS = YES;
				GCC_PRECOMPILE_PREFIX_HEADER = YES;
				GCC_PREFIX_HEADER = "Source/ShelleyMac-Prefix.pch";
				GCC_WARN_64_TO_32_BIT_CONVERSION = YES;
				GCC_WARN_UNINITIALIZED_AUTOS = YES;
				MACOSX_DEPLOYMENT_TARGET = 10.8;
				PRODUCT_NAME = "$(TARGET_NAME)";
				SDKROOT = macosx;
			};
			name = Release;
		};
		3009125D16A599960023CC56 /* Debug */ = {
			isa = XCBuildConfiguration;
			buildSettings = {
				ALWAYS_SEARCH_USER_PATHS = NO;
				CLANG_CXX_LANGUAGE_STANDARD = "gnu++0x";
				CLANG_CXX_LIBRARY = "libc++";
				CLANG_WARN_EMPTY_BODY = YES;
				CLANG_WARN__DUPLICATE_METHOD_MATCH = YES;
				COMBINE_HIDPI_IMAGES = YES;
				COPY_PHASE_STRIP = NO;
				FRAMEWORK_SEARCH_PATHS = "\"$(DEVELOPER_LIBRARY_DIR)/Frameworks\"";
				GCC_DYNAMIC_NO_PIC = NO;
				GCC_ENABLE_OBJC_EXCEPTIONS = YES;
				GCC_PRECOMPILE_PREFIX_HEADER = YES;
				GCC_PREFIX_HEADER = "Unit Tests/ShelleyMacTests-Prefix.pch";
				GCC_PREPROCESSOR_DEFINITIONS = (
					"DEBUG=1",
					"$(inherited)",
				);
				GCC_WARN_64_TO_32_BIT_CONVERSION = YES;
				GCC_WARN_UNINITIALIZED_AUTOS = YES;
				INFOPLIST_FILE = "Unit Tests/ShelleyMacTests-Info.plist";
				MACOSX_DEPLOYMENT_TARGET = 10.8;
				ONLY_ACTIVE_ARCH = YES;
				PRODUCT_NAME = "$(TARGET_NAME)";
				SDKROOT = macosx;
				WRAPPER_EXTENSION = octest;
			};
			name = Debug;
		};
		3009125E16A599960023CC56 /* Release */ = {
			isa = XCBuildConfiguration;
			buildSettings = {
				ALWAYS_SEARCH_USER_PATHS = NO;
				CLANG_CXX_LANGUAGE_STANDARD = "gnu++0x";
				CLANG_CXX_LIBRARY = "libc++";
				CLANG_WARN_EMPTY_BODY = YES;
				CLANG_WARN__DUPLICATE_METHOD_MATCH = YES;
				COMBINE_HIDPI_IMAGES = YES;
				COPY_PHASE_STRIP = YES;
				DEBUG_INFORMATION_FORMAT = "dwarf-with-dsym";
				FRAMEWORK_SEARCH_PATHS = "\"$(DEVELOPER_LIBRARY_DIR)/Frameworks\"";
				GCC_ENABLE_OBJC_EXCEPTIONS = YES;
				GCC_PRECOMPILE_PREFIX_HEADER = YES;
				GCC_PREFIX_HEADER = "Unit Tests/ShelleyMacTests-Prefix.pch";
				GCC_WARN_64_TO_32_BIT_CONVERSION = YES;
				GCC_WARN_UNINITIALIZED_AUTOS = YES;
				INFOPLIST_FILE = "Unit Tests/ShelleyMacTests-Info.plist";
				MACOSX_DEPLOYMENT_TARGET = 10.8;
				PRODUCT_NAME = "$(TARGET_NAME)";
				SDKROOT = macosx;
				WRAPPER_EXTENSION = octest;
			};
			name = Release;
		};
		D6CF39BC13D3E481000C7901 /* Debug */ = {
			isa = XCBuildConfiguration;
			buildSettings = {
				ALWAYS_SEARCH_USER_PATHS = NO;
				FRAMEWORK_SEARCH_PATHS = (
					"$(SDKROOT)/Developer/Library/Frameworks",
					"$(DEVELOPER_LIBRARY_DIR)/Frameworks",
				);
				GCC_PRECOMPILE_PREFIX_HEADER = YES;
				GCC_PREFIX_HEADER = "Unit Tests/Unit Tests-Prefix.pch";
				GCC_VERSION = com.apple.compilers.llvm.clang.1_0;
				INFOPLIST_FILE = "Unit Tests/Unit Tests-Info.plist";
				OTHER_LDFLAGS = (
					"-framework",
					SenTestingKit,
				);
				PRODUCT_NAME = "$(TARGET_NAME)";
				WRAPPER_EXTENSION = octest;
			};
			name = Debug;
		};
		D6CF39BD13D3E481000C7901 /* Release */ = {
			isa = XCBuildConfiguration;
			buildSettings = {
				ALWAYS_SEARCH_USER_PATHS = NO;
				FRAMEWORK_SEARCH_PATHS = (
					"$(SDKROOT)/Developer/Library/Frameworks",
					"$(DEVELOPER_LIBRARY_DIR)/Frameworks",
				);
				GCC_PRECOMPILE_PREFIX_HEADER = YES;
				GCC_PREFIX_HEADER = "Unit Tests/Unit Tests-Prefix.pch";
				GCC_VERSION = com.apple.compilers.llvm.clang.1_0;
				INFOPLIST_FILE = "Unit Tests/Unit Tests-Info.plist";
				OTHER_LDFLAGS = (
					"-framework",
					SenTestingKit,
				);
				PRODUCT_NAME = "$(TARGET_NAME)";
				WRAPPER_EXTENSION = octest;
			};
			name = Release;
		};
		D6E8FF3A13D3DC9300D24F43 /* Debug */ = {
			isa = XCBuildConfiguration;
			buildSettings = {
				GCC_C_LANGUAGE_STANDARD = gnu99;
				GCC_OPTIMIZATION_LEVEL = 0;
				GCC_PREPROCESSOR_DEFINITIONS = DEBUG;
				GCC_SYMBOLS_PRIVATE_EXTERN = NO;
				GCC_WARN_ABOUT_RETURN_TYPE = YES;
				GCC_WARN_UNUSED_VARIABLE = YES;
				IPHONEOS_DEPLOYMENT_TARGET = 4.3;
				ONLY_ACTIVE_ARCH = YES;
				SDKROOT = iphoneos;
			};
			name = Debug;
		};
		D6E8FF3B13D3DC9300D24F43 /* Release */ = {
			isa = XCBuildConfiguration;
			buildSettings = {
				GCC_C_LANGUAGE_STANDARD = gnu99;
				GCC_WARN_ABOUT_RETURN_TYPE = YES;
				GCC_WARN_UNUSED_VARIABLE = YES;
				IPHONEOS_DEPLOYMENT_TARGET = 4.3;
				SDKROOT = iphoneos;
			};
			name = Release;
		};
		D6E8FF3D13D3DC9300D24F43 /* Debug */ = {
			isa = XCBuildConfiguration;
			buildSettings = {
				ALWAYS_SEARCH_USER_PATHS = NO;
				DSTROOT = /tmp/Shelley.dst;
				GCC_PRECOMPILE_PREFIX_HEADER = YES;
				GCC_PREFIX_HEADER = "Source/Shelley-Prefix.pch";
				OTHER_LDFLAGS = "-ObjC";
				PRODUCT_NAME = "$(TARGET_NAME)";
			};
			name = Debug;
		};
		D6E8FF3E13D3DC9300D24F43 /* Release */ = {
			isa = XCBuildConfiguration;
			buildSettings = {
				ALWAYS_SEARCH_USER_PATHS = NO;
				DSTROOT = /tmp/Shelley.dst;
				GCC_PRECOMPILE_PREFIX_HEADER = YES;
				GCC_PREFIX_HEADER = "Source/Shelley-Prefix.pch";
				OTHER_LDFLAGS = "-ObjC";
				PRODUCT_NAME = "$(TARGET_NAME)";
			};
			name = Release;
		};
/* End XCBuildConfiguration section */

/* Begin XCConfigurationList section */
		3009125916A599960023CC56 /* Build configuration list for PBXNativeTarget "ShelleyMac" */ = {
			isa = XCConfigurationList;
			buildConfigurations = (
				3009125A16A599960023CC56 /* Debug */,
				3009125B16A599960023CC56 /* Release */,
			);
			defaultConfigurationIsVisible = 0;
			defaultConfigurationName = Release;
		};
		3009125C16A599960023CC56 /* Build configuration list for PBXNativeTarget "ShelleyMacTests" */ = {
			isa = XCConfigurationList;
			buildConfigurations = (
				3009125D16A599960023CC56 /* Debug */,
				3009125E16A599960023CC56 /* Release */,
			);
			defaultConfigurationIsVisible = 0;
			defaultConfigurationName = Release;
		};
		D6CF39BB13D3E481000C7901 /* Build configuration list for PBXNativeTarget "Unit Tests" */ = {
			isa = XCConfigurationList;
			buildConfigurations = (
				D6CF39BC13D3E481000C7901 /* Debug */,
				D6CF39BD13D3E481000C7901 /* Release */,
			);
			defaultConfigurationIsVisible = 0;
			defaultConfigurationName = Release;
		};
		D6E8FF2C13D3DC9200D24F43 /* Build configuration list for PBXProject "Shelley" */ = {
			isa = XCConfigurationList;
			buildConfigurations = (
				D6E8FF3A13D3DC9300D24F43 /* Debug */,
				D6E8FF3B13D3DC9300D24F43 /* Release */,
			);
			defaultConfigurationIsVisible = 0;
			defaultConfigurationName = Release;
		};
		D6E8FF3C13D3DC9300D24F43 /* Build configuration list for PBXNativeTarget "Shelley" */ = {
			isa = XCConfigurationList;
			buildConfigurations = (
				D6E8FF3D13D3DC9300D24F43 /* Debug */,
				D6E8FF3E13D3DC9300D24F43 /* Release */,
			);
			defaultConfigurationIsVisible = 0;
			defaultConfigurationName = Release;
		};
/* End XCConfigurationList section */
	};
	rootObject = D6E8FF2913D3DC9200D24F43 /* Project object */;
}
